
Microsoft Visual Studio Solution File, Format Version 12.00
# Visual Studio Version 17
VisualStudioVersion = 17.10.35013.160
MinimumVisualStudioVersion = 10.0.40219.1
Project("{FAE04EC0-301F-11D3-BF4B-00C04F79EFBC}") = "PublicacionMiAppPrueba", "PublicacionMiAppPrueba.csproj", "{65D56BAC-F69A-4BAA-95A8-A4335D455DA1}"
EndProject
Global
	GlobalSection(SolutionConfigurationPlatforms) = preSolution
		Debug|Any CPU = Debug|Any CPU
		Release|Any CPU = Release|Any CPU
	EndGlobalSection
	GlobalSection(ProjectConfigurationPlatforms) = postSolution
		{65D56BAC-F69A-4BAA-95A8-A4335D455DA1}.Debug|Any CPU.ActiveCfg = Debug|Any CPU
		{65D56BAC-F69A-4BAA-95A8-A4335D455DA1}.Debug|Any CPU.Build.0 = Debug|Any CPU
		{65D56BAC-F69A-4BAA-95A8-A4335D455DA1}.Release|Any CPU.ActiveCfg = Release|Any CPU
		{65D56BAC-F69A-4BAA-95A8-A4335D455DA1}.Release|Any CPU.Build.0 = Release|Any CPU
	EndGlobalSection
	GlobalSection(SolutionProperties) = preSolution
		HideSolutionNode = FALSE
	EndGlobalSection
	GlobalSection(ExtensibilityGlobals) = postSolution
		SolutionGuid = {71F5D1BB-490F-4F31-901F-542AD5E9B725}
	EndGlobalSection
EndGlobal
